
Microsoft Visual Studio Solution File, Format Version 12.00
# Visual Studio Version 16
VisualStudioVersion = 16.0.29709.97
MinimumVisualStudioVersion = 10.0.40219.1
Project("{FAE04EC0-301F-11D3-BF4B-00C04F79EFBC}") = "BookListRazorCRUD", "BookListRazorCRUD\BookListRazorCRUD.csproj", "{4711EFC4-E21C-4EB5-900E-8DF5C71E47E6}"
EndProject
Global
	GlobalSection(SolutionConfigurationPlatforms) = preSolution
		Debug|Any CPU = Debug|Any CPU
		Release|Any CPU = Release|Any CPU
	EndGlobalSection
	GlobalSection(ProjectConfigurationPlatforms) = postSolution
		{4711EFC4-E21C-4EB5-900E-8DF5C71E47E6}.Debug|Any CPU.ActiveCfg = Debug|Any CPU
		{4711EFC4-E21C-4EB5-900E-8DF5C71E47E6}.Debug|Any CPU.Build.0 = Debug|Any CPU
		{4711EFC4-E21C-4EB5-900E-8DF5C71E47E6}.Release|Any CPU.ActiveCfg = Release|Any CPU
		{4711EFC4-E21C-4EB5-900E-8DF5C71E47E6}.Release|Any CPU.Build.0 = Release|Any CPU
	EndGlobalSection
	GlobalSection(SolutionProperties) = preSolution
		HideSolutionNode = FALSE
	EndGlobalSection
	GlobalSection(ExtensibilityGlobals) = postSolution
		SolutionGuid = {E86F216B-4478-4325-9310-D585C2C6B8C4}
	EndGlobalSection
EndGlobal
